
Microsoft Visual Studio Solution File, Format Version 12.00
# Visual Studio Version 16
VisualStudioVersion = 16.0.30309.148
MinimumVisualStudioVersion = 10.0.40219.1
Project("{8BC9CEB8-8B4A-11D0-8D11-00A0C91BC942}") = "【指向指针的指针】", "【指向指针的指针】.vcxproj", "{E9FFC321-2C2B-4FCB-926D-34F7D6430E1E}"
EndProject
Global
	GlobalSection(SolutionConfigurationPlatforms) = preSolution
		Debug|x64 = Debug|x64
		Debug|x86 = Debug|x86
		Release|x64 = Release|x64
		Release|x86 = Release|x86
	EndGlobalSection
	GlobalSection(ProjectConfigurationPlatforms) = postSolution
		{E9FFC321-2C2B-4FCB-926D-34F7D6430E1E}.Debug|x64.ActiveCfg = Debug|x64
		{E9FFC321-2C2B-4FCB-926D-34F7D6430E1E}.Debug|x64.Build.0 = Debug|x64
		{E9FFC321-2C2B-4FCB-926D-34F7D6430E1E}.Debug|x86.ActiveCfg = Debug|Win32
		{E9FFC321-2C2B-4FCB-926D-34F7D6430E1E}.Debug|x86.Build.0 = Debug|Win32
		{E9FFC321-2C2B-4FCB-926D-34F7D6430E1E}.Release|x64.ActiveCfg = Release|x64
		{E9FFC321-2C2B-4FCB-926D-34F7D6430E1E}.Release|x64.Build.0 = Release|x64
		{E9FFC321-2C2B-4FCB-926D-34F7D6430E1E}.Release|x86.ActiveCfg = Release|Win32
		{E9FFC321-2C2B-4FCB-926D-34F7D6430E1E}.Release|x86.Build.0 = Release|Win32
	EndGlobalSection
	GlobalSection(SolutionProperties) = preSolution
		HideSolutionNode = FALSE
	EndGlobalSection
	GlobalSection(ExtensibilityGlobals) = postSolution
		SolutionGuid = {EB68F047-1E33-4217-83F6-6AB9B9CD0664}
	EndGlobalSection
EndGlobal
